
Microsoft Visual Studio Solution File, Format Version 12.00
# Visual Studio Version 17
VisualStudioVersion = 17.1.32414.318
MinimumVisualStudioVersion = 10.0.40219.1
Project("{9A19103F-16F7-4668-BE54-9A1E7A4F7556}") = "ClassCodeClasses", "ClassCodeClasses\ClassCodeClasses.csproj", "{93ED4AA7-FC39-4C38-A1D9-C10C7C187BEA}"
EndProject
Project("{FAE04EC0-301F-11D3-BF4B-00C04F79EFBC}") = "Excercise2", "Excercise2\Excercise2.csproj", "{8766471E-D9CA-4600-BFE7-D6BE4F5BBE52}"
EndProject
Global
	GlobalSection(SolutionConfigurationPlatforms) = preSolution
		Debug|Any CPU = Debug|Any CPU
		Release|Any CPU = Release|Any CPU
	EndGlobalSection
	GlobalSection(ProjectConfigurationPlatforms) = postSolution
		{93ED4AA7-FC39-4C38-A1D9-C10C7C187BEA}.Debug|Any CPU.ActiveCfg = Debug|Any CPU
		{93ED4AA7-FC39-4C38-A1D9-C10C7C187BEA}.Debug|Any CPU.Build.0 = Debug|Any CPU
		{93ED4AA7-FC39-4C38-A1D9-C10C7C187BEA}.Release|Any CPU.ActiveCfg = Release|Any CPU
		{93ED4AA7-FC39-4C38-A1D9-C10C7C187BEA}.Release|Any CPU.Build.0 = Release|Any CPU
		{8766471E-D9CA-4600-BFE7-D6BE4F5BBE52}.Debug|Any CPU.ActiveCfg = Debug|Any CPU
		{8766471E-D9CA-4600-BFE7-D6BE4F5BBE52}.Debug|Any CPU.Build.0 = Debug|Any CPU
		{8766471E-D9CA-4600-BFE7-D6BE4F5BBE52}.Release|Any CPU.ActiveCfg = Release|Any CPU
		{8766471E-D9CA-4600-BFE7-D6BE4F5BBE52}.Release|Any CPU.Build.0 = Release|Any CPU
	EndGlobalSection
	GlobalSection(SolutionProperties) = preSolution
		HideSolutionNode = FALSE
	EndGlobalSection
	GlobalSection(ExtensibilityGlobals) = postSolution
		SolutionGuid = {861D379B-9C75-4363-9F1A-FF62E9600D4F}
	EndGlobalSection
EndGlobal
