
Microsoft Visual Studio Solution File, Format Version 12.00
# Visual Studio Version 17
VisualStudioVersion = 17.1.32414.318
MinimumVisualStudioVersion = 10.0.40219.1
Project("{FAE04EC0-301F-11D3-BF4B-00C04F79EFBC}") = "ClassCode", "ClassCode\ClassCode.csproj", "{1AB4983A-A354-4F0B-BF92-1A1CA2890695}"
EndProject
Global
	GlobalSection(SolutionConfigurationPlatforms) = preSolution
		Debug|Any CPU = Debug|Any CPU
		Release|Any CPU = Release|Any CPU
	EndGlobalSection
	GlobalSection(ProjectConfigurationPlatforms) = postSolution
		{1AB4983A-A354-4F0B-BF92-1A1CA2890695}.Debug|Any CPU.ActiveCfg = Debug|Any CPU
		{1AB4983A-A354-4F0B-BF92-1A1CA2890695}.Debug|Any CPU.Build.0 = Debug|Any CPU
		{1AB4983A-A354-4F0B-BF92-1A1CA2890695}.Release|Any CPU.ActiveCfg = Release|Any CPU
		{1AB4983A-A354-4F0B-BF92-1A1CA2890695}.Release|Any CPU.Build.0 = Release|Any CPU
	EndGlobalSection
	GlobalSection(SolutionProperties) = preSolution
		HideSolutionNode = FALSE
	EndGlobalSection
	GlobalSection(ExtensibilityGlobals) = postSolution
		SolutionGuid = {EBAF7B31-74DD-480D-9939-49F3B0307C34}
	EndGlobalSection
EndGlobal
