
Microsoft Visual Studio Solution File, Format Version 12.00
# Visual Studio Version 17
VisualStudioVersion = 17.1.32414.318
MinimumVisualStudioVersion = 10.0.40219.1
Project("{FAE04EC0-301F-11D3-BF4B-00C04F79EFBC}") = "MyNewProject", "MyNewProject\MyNewProject.csproj", "{7268144D-DF83-4D21-AEE5-A20916841B25}"
EndProject
Project("{FAE04EC0-301F-11D3-BF4B-00C04F79EFBC}") = "Second", "Second\Second.csproj", "{49B6C5A5-D6A0-441A-BBA6-08FA8E6F87E3}"
EndProject
Project("{FAE04EC0-301F-11D3-BF4B-00C04F79EFBC}") = "Elka22", "Elka22\Elka22.csproj", "{3D52632C-9AAF-468F-A374-79F512F8E9F6}"
EndProject
Global
	GlobalSection(SolutionConfigurationPlatforms) = preSolution
		Debug|Any CPU = Debug|Any CPU
		Release|Any CPU = Release|Any CPU
	EndGlobalSection
	GlobalSection(ProjectConfigurationPlatforms) = postSolution
		{7268144D-DF83-4D21-AEE5-A20916841B25}.Debug|Any CPU.ActiveCfg = Debug|Any CPU
		{7268144D-DF83-4D21-AEE5-A20916841B25}.Debug|Any CPU.Build.0 = Debug|Any CPU
		{7268144D-DF83-4D21-AEE5-A20916841B25}.Release|Any CPU.ActiveCfg = Release|Any CPU
		{7268144D-DF83-4D21-AEE5-A20916841B25}.Release|Any CPU.Build.0 = Release|Any CPU
		{49B6C5A5-D6A0-441A-BBA6-08FA8E6F87E3}.Debug|Any CPU.ActiveCfg = Debug|Any CPU
		{49B6C5A5-D6A0-441A-BBA6-08FA8E6F87E3}.Debug|Any CPU.Build.0 = Debug|Any CPU
		{49B6C5A5-D6A0-441A-BBA6-08FA8E6F87E3}.Release|Any CPU.ActiveCfg = Release|Any CPU
		{49B6C5A5-D6A0-441A-BBA6-08FA8E6F87E3}.Release|Any CPU.Build.0 = Release|Any CPU
		{3D52632C-9AAF-468F-A374-79F512F8E9F6}.Debug|Any CPU.ActiveCfg = Debug|Any CPU
		{3D52632C-9AAF-468F-A374-79F512F8E9F6}.Debug|Any CPU.Build.0 = Debug|Any CPU
		{3D52632C-9AAF-468F-A374-79F512F8E9F6}.Release|Any CPU.ActiveCfg = Release|Any CPU
		{3D52632C-9AAF-468F-A374-79F512F8E9F6}.Release|Any CPU.Build.0 = Release|Any CPU
	EndGlobalSection
	GlobalSection(SolutionProperties) = preSolution
		HideSolutionNode = FALSE
	EndGlobalSection
	GlobalSection(ExtensibilityGlobals) = postSolution
		SolutionGuid = {88A3645A-2B9F-49D0-8B12-9A592B7453E7}
	EndGlobalSection
EndGlobal
